// !$*UTF8*$!
{
	archiveVersion = 1;
	classes = {
	};
	objectVersion = 50;
	objects = {

/* Begin PBXBuildFile section */
		BF77CD124BE85069B20072E0 /* Pods_Slack_App.framework in Frameworks */ = {isa = PBXBuildFile; fileRef = 37A46F4B5C46332A1FD6522C /* Pods_Slack_App.framework */; };
		D9374A3D241AA1AE00F7DD05 /* LoginVc.swift in Sources */ = {isa = PBXBuildFile; fileRef = D9374A3C241AA1AE00F7DD05 /* LoginVc.swift */; };
		D959AE2C24278B2E001C68C1 /* UserDataServices.swift in Sources */ = {isa = PBXBuildFile; fileRef = D959AE2B24278B2E001C68C1 /* UserDataServices.swift */; };
		D959AE2E2427A2D9001C68C1 /* AvatarPickerVc.swift in Sources */ = {isa = PBXBuildFile; fileRef = D959AE2D2427A2D9001C68C1 /* AvatarPickerVc.swift */; };
		D959AE302427A599001C68C1 /* AvatarCell.swift in Sources */ = {isa = PBXBuildFile; fileRef = D959AE2F2427A599001C68C1 /* AvatarCell.swift */; };
		D95E036F248085C8004226C5 /* SocketServices.swift in Sources */ = {isa = PBXBuildFile; fileRef = D95E036E248085C8004226C5 /* SocketServices.swift */; };
		D95EC1A9241A732A00FD8555 /* ChatVc.swift in Sources */ = {isa = PBXBuildFile; fileRef = D95EC1A8241A732A00FD8555 /* ChatVc.swift */; };
		D95EC1AB241A733F00FD8555 /* ChannelVc.swift in Sources */ = {isa = PBXBuildFile; fileRef = D95EC1AA241A733F00FD8555 /* ChannelVc.swift */; };
		D95EC1B1241A7E0300FD8555 /* SWRevealViewController.m in Sources */ = {isa = PBXBuildFile; fileRef = D95EC1AF241A7E0300FD8555 /* SWRevealViewController.m */; };
		D95EC1B4241A8ED100FD8555 /* GradientView.swift in Sources */ = {isa = PBXBuildFile; fileRef = D95EC1B3241A8ED100FD8555 /* GradientView.swift */; };
		D961C8BE24803559007B4A6A /* AddChannelVC.swift in Sources */ = {isa = PBXBuildFile; fileRef = D961C8BC24803559007B4A6A /* AddChannelVC.swift */; };
		D961C8BF24803559007B4A6A /* AddChannelVC.xib in Resources */ = {isa = PBXBuildFile; fileRef = D961C8BD24803559007B4A6A /* AddChannelVC.xib */; };
		D96303532469C8BA0012EC97 /* ProfileVC.swift in Sources */ = {isa = PBXBuildFile; fileRef = D96303512469C8BA0012EC97 /* ProfileVC.swift */; };
		D96303542469C8BA0012EC97 /* ProfileVC.xib in Resources */ = {isa = PBXBuildFile; fileRef = D96303522469C8BA0012EC97 /* ProfileVC.xib */; };
		D96303572469E0680012EC97 /* RoundView.swift in Sources */ = {isa = PBXBuildFile; fileRef = D96303562469E0680012EC97 /* RoundView.swift */; };
		D997D99B241D545B001CCD39 /* AuthServices.swift in Sources */ = {isa = PBXBuildFile; fileRef = D997D99A241D545B001CCD39 /* AuthServices.swift */; };
		D9AC382E245DAC0F00069F2C /* RoundImageView.swift in Sources */ = {isa = PBXBuildFile; fileRef = D9AC382D245DAC0F00069F2C /* RoundImageView.swift */; };
		D9AC3832245DC49300069F2C /* texetPlaceHolder.swift in Sources */ = {isa = PBXBuildFile; fileRef = D9AC3831245DC49300069F2C /* texetPlaceHolder.swift */; };
		D9B77E74247F3CEF00CB36CB /* ChannelCell.swift in Sources */ = {isa = PBXBuildFile; fileRef = D9B77E73247F3CEF00CB36CB /* ChannelCell.swift */; };
		D9BE9D93247EB34D00DFA9B5 /* MessageServices.swift in Sources */ = {isa = PBXBuildFile; fileRef = D9BE9D92247EB34D00DFA9B5 /* MessageServices.swift */; };
		D9BE9D95247EB3AE00DFA9B5 /* Channel.swift in Sources */ = {isa = PBXBuildFile; fileRef = D9BE9D94247EB3AE00DFA9B5 /* Channel.swift */; };
		D9C7967D2482AC6500D9E662 /* MessageCell.swift in Sources */ = {isa = PBXBuildFile; fileRef = D9C7967C2482AC6500D9E662 /* MessageCell.swift */; };
		D9CBF6E9241BBF0700AE48BC /* AccountVc.swift in Sources */ = {isa = PBXBuildFile; fileRef = D9CBF6E8241BBF0700AE48BC /* AccountVc.swift */; };
		D9CBF6EC241BBF6400AE48BC /* Constant.swift in Sources */ = {isa = PBXBuildFile; fileRef = D9CBF6EB241BBF6400AE48BC /* Constant.swift */; };
		D9D832902481EA4100D81931 /* Message.swift in Sources */ = {isa = PBXBuildFile; fileRef = D9D8328F2481EA4100D81931 /* Message.swift */; };
		D9D832922481F95C00D81931 /* KeyboardBoundView.swift in Sources */ = {isa = PBXBuildFile; fileRef = D9D832912481F95C00D81931 /* KeyboardBoundView.swift */; };
		D9FDB945241843C900E49542 /* AppDelegate.swift in Sources */ = {isa = PBXBuildFile; fileRef = D9FDB944241843C900E49542 /* AppDelegate.swift */; };
		D9FDB947241843C900E49542 /* SceneDelegate.swift in Sources */ = {isa = PBXBuildFile; fileRef = D9FDB946241843C900E49542 /* SceneDelegate.swift */; };
		D9FDB94C241843C900E49542 /* Main.storyboard in Resources */ = {isa = PBXBuildFile; fileRef = D9FDB94A241843C900E49542 /* Main.storyboard */; };
		D9FDB94E241843CC00E49542 /* Assets.xcassets in Resources */ = {isa = PBXBuildFile; fileRef = D9FDB94D241843CC00E49542 /* Assets.xcassets */; };
		D9FDB951241843CC00E49542 /* LaunchScreen.storyboard in Resources */ = {isa = PBXBuildFile; fileRef = D9FDB94F241843CC00E49542 /* LaunchScreen.storyboard */; };
/* End PBXBuildFile section */

/* Begin PBXFileReference section */
		37A46F4B5C46332A1FD6522C /* Pods_Slack_App.framework */ = {isa = PBXFileReference; explicitFileType = wrapper.framework; includeInIndex = 0; path = Pods_Slack_App.framework; sourceTree = BUILT_PRODUCTS_DIR; };
		6204526F978FACB69185E965 /* Pods-Slack App.release.xcconfig */ = {isa = PBXFileReference; includeInIndex = 1; lastKnownFileType = text.xcconfig; name = "Pods-Slack App.release.xcconfig"; path = "Pods/Target Support Files/Pods-Slack App/Pods-Slack App.release.xcconfig"; sourceTree = "<group>"; };
		86C42763DE4C7B8B2799F470 /* Pods-Slack App.debug.xcconfig */ = {isa = PBXFileReference; includeInIndex = 1; lastKnownFileType = text.xcconfig; name = "Pods-Slack App.debug.xcconfig"; path = "Pods/Target Support Files/Pods-Slack App/Pods-Slack App.debug.xcconfig"; sourceTree = "<group>"; };
		D9374A3C241AA1AE00F7DD05 /* LoginVc.swift */ = {isa = PBXFileReference; lastKnownFileType = sourcecode.swift; path = LoginVc.swift; sourceTree = "<group>"; };
		D959AE2B24278B2E001C68C1 /* UserDataServices.swift */ = {isa = PBXFileReference; lastKnownFileType = sourcecode.swift; path = UserDataServices.swift; sourceTree = "<group>"; };
		D959AE2D2427A2D9001C68C1 /* AvatarPickerVc.swift */ = {isa = PBXFileReference; lastKnownFileType = sourcecode.swift; path = AvatarPickerVc.swift; sourceTree = "<group>"; };
		D959AE2F2427A599001C68C1 /* AvatarCell.swift */ = {isa = PBXFileReference; lastKnownFileType = sourcecode.swift; path = AvatarCell.swift; sourceTree = "<group>"; };
		D95E036E248085C8004226C5 /* SocketServices.swift */ = {isa = PBXFileReference; lastKnownFileType = sourcecode.swift; path = SocketServices.swift; sourceTree = "<group>"; };
		D95EC1A8241A732A00FD8555 /* ChatVc.swift */ = {isa = PBXFileReference; lastKnownFileType = sourcecode.swift; path = ChatVc.swift; sourceTree = "<group>"; };
		D95EC1AA241A733F00FD8555 /* ChannelVc.swift */ = {isa = PBXFileReference; lastKnownFileType = sourcecode.swift; path = ChannelVc.swift; sourceTree = "<group>"; };
		D95EC1AF241A7E0300FD8555 /* SWRevealViewController.m */ = {isa = PBXFileReference; fileEncoding = 4; lastKnownFileType = sourcecode.c.objc; path = SWRevealViewController.m; sourceTree = "<group>"; };
		D95EC1B0241A7E0300FD8555 /* SWRevealViewController.h */ = {isa = PBXFileReference; fileEncoding = 4; lastKnownFileType = sourcecode.c.h; path = SWRevealViewController.h; sourceTree = "<group>"; };
		D95EC1B2241A7E9900FD8555 /* Slack App-Bridging-Header.h */ = {isa = PBXFileReference; lastKnownFileType = sourcecode.c.h; path = "Slack App-Bridging-Header.h"; sourceTree = "<group>"; };
		D95EC1B3241A8ED100FD8555 /* GradientView.swift */ = {isa = PBXFileReference; lastKnownFileType = sourcecode.swift; path = GradientView.swift; sourceTree = "<group>"; };
		D961C8BC24803559007B4A6A /* AddChannelVC.swift */ = {isa = PBXFileReference; lastKnownFileType = sourcecode.swift; path = AddChannelVC.swift; sourceTree = "<group>"; };
		D961C8BD24803559007B4A6A /* AddChannelVC.xib */ = {isa = PBXFileReference; lastKnownFileType = file.xib; path = AddChannelVC.xib; sourceTree = "<group>"; };
		D96303512469C8BA0012EC97 /* ProfileVC.swift */ = {isa = PBXFileReference; lastKnownFileType = sourcecode.swift; path = ProfileVC.swift; sourceTree = "<group>"; };
		D96303522469C8BA0012EC97 /* ProfileVC.xib */ = {isa = PBXFileReference; lastKnownFileType = file.xib; path = ProfileVC.xib; sourceTree = "<group>"; };
		D96303562469E0680012EC97 /* RoundView.swift */ = {isa = PBXFileReference; lastKnownFileType = sourcecode.swift; path = RoundView.swift; sourceTree = "<group>"; };
		D997D99A241D545B001CCD39 /* AuthServices.swift */ = {isa = PBXFileReference; lastKnownFileType = sourcecode.swift; path = AuthServices.swift; sourceTree = "<group>"; };
		D9AC382D245DAC0F00069F2C /* RoundImageView.swift */ = {isa = PBXFileReference; lastKnownFileType = sourcecode.swift; path = RoundImageView.swift; sourceTree = "<group>"; };
		D9AC3831245DC49300069F2C /* texetPlaceHolder.swift */ = {isa = PBXFileReference; lastKnownFileType = sourcecode.swift; path = texetPlaceHolder.swift; sourceTree = "<group>"; };
		D9B77E73247F3CEF00CB36CB /* ChannelCell.swift */ = {isa = PBXFileReference; lastKnownFileType = sourcecode.swift; path = ChannelCell.swift; sourceTree = "<group>"; };
		D9BE9D92247EB34D00DFA9B5 /* MessageServices.swift */ = {isa = PBXFileReference; lastKnownFileType = sourcecode.swift; path = MessageServices.swift; sourceTree = "<group>"; };
		D9BE9D94247EB3AE00DFA9B5 /* Channel.swift */ = {isa = PBXFileReference; lastKnownFileType = sourcecode.swift; path = Channel.swift; sourceTree = "<group>"; };
		D9C7967C2482AC6500D9E662 /* MessageCell.swift */ = {isa = PBXFileReference; lastKnownFileType = sourcecode.swift; path = MessageCell.swift; sourceTree = "<group>"; };
		D9CBF6E8241BBF0700AE48BC /* AccountVc.swift */ = {isa = PBXFileReference; lastKnownFileType = sourcecode.swift; path = AccountVc.swift; sourceTree = "<group>"; };
		D9CBF6EB241BBF6400AE48BC /* Constant.swift */ = {isa = PBXFileReference; lastKnownFileType = sourcecode.swift; path = Constant.swift; sourceTree = "<group>"; };
		D9D8328F2481EA4100D81931 /* Message.swift */ = {isa = PBXFileReference; lastKnownFileType = sourcecode.swift; path = Message.swift; sourceTree = "<group>"; };
		D9D832912481F95C00D81931 /* KeyboardBoundView.swift */ = {isa = PBXFileReference; fileEncoding = 4; lastKnownFileType = sourcecode.swift; path = KeyboardBoundView.swift; sourceTree = "<group>"; };
		D9FDB941241843C900E49542 /* Slack App.app */ = {isa = PBXFileReference; explicitFileType = wrapper.application; includeInIndex = 0; path = "Slack App.app"; sourceTree = BUILT_PRODUCTS_DIR; };
		D9FDB944241843C900E49542 /* AppDelegate.swift */ = {isa = PBXFileReference; lastKnownFileType = sourcecode.swift; path = AppDelegate.swift; sourceTree = "<group>"; };
		D9FDB946241843C900E49542 /* SceneDelegate.swift */ = {isa = PBXFileReference; lastKnownFileType = sourcecode.swift; path = SceneDelegate.swift; sourceTree = "<group>"; };
		D9FDB94B241843C900E49542 /* Base */ = {isa = PBXFileReference; lastKnownFileType = file.storyboard; name = Base; path = Base.lproj/Main.storyboard; sourceTree = "<group>"; };
		D9FDB94D241843CC00E49542 /* Assets.xcassets */ = {isa = PBXFileReference; lastKnownFileType = folder.assetcatalog; path = Assets.xcassets; sourceTree = "<group>"; };
		D9FDB950241843CC00E49542 /* Base */ = {isa = PBXFileReference; lastKnownFileType = file.storyboard; name = Base; path = Base.lproj/LaunchScreen.storyboard; sourceTree = "<group>"; };
		D9FDB952241843CC00E49542 /* Info.plist */ = {isa = PBXFileReference; lastKnownFileType = text.plist.xml; path = Info.plist; sourceTree = "<group>"; };
/* End PBXFileReference section */

/* Begin PBXFrameworksBuildPhase section */
		D9FDB93E241843C900E49542 /* Frameworks */ = {
			isa = PBXFrameworksBuildPhase;
			buildActionMask = 2147483647;
			files = (
				BF77CD124BE85069B20072E0 /* Pods_Slack_App.framework in Frameworks */,
			);
			runOnlyForDeploymentPostprocessing = 0;
		};
/* End PBXFrameworksBuildPhase section */

/* Begin PBXGroup section */
		92CCDACCE7B46A6E0F13571C /* Frameworks */ = {
			isa = PBXGroup;
			children = (
				37A46F4B5C46332A1FD6522C /* Pods_Slack_App.framework */,
			);
			name = Frameworks;
			sourceTree = "<group>";
		};
		A94B9B46AC7358C813005E84 /* Pods */ = {
			isa = PBXGroup;
			children = (
				86C42763DE4C7B8B2799F470 /* Pods-Slack App.debug.xcconfig */,
				6204526F978FACB69185E965 /* Pods-Slack App.release.xcconfig */,
			);
			name = Pods;
			sourceTree = "<group>";
		};
		D95EC1A5241A729B00FD8555 /* Models */ = {
			isa = PBXGroup;
			children = (
				D9BE9D94247EB3AE00DFA9B5 /* Channel.swift */,
				D9D8328F2481EA4100D81931 /* Message.swift */,
			);
			path = Models;
			sourceTree = "<group>";
		};
		D95EC1A6241A72A800FD8555 /* Views */ = {
			isa = PBXGroup;
			children = (
				D9D832912481F95C00D81931 /* KeyboardBoundView.swift */,
				D95EC1B3241A8ED100FD8555 /* GradientView.swift */,
				D959AE2F2427A599001C68C1 /* AvatarCell.swift */,
				D9B77E73247F3CEF00CB36CB /* ChannelCell.swift */,
				D9C7967C2482AC6500D9E662 /* MessageCell.swift */,
				D9AC382D245DAC0F00069F2C /* RoundImageView.swift */,
				D9AC3831245DC49300069F2C /* texetPlaceHolder.swift */,
				D96303562469E0680012EC97 /* RoundView.swift */,
			);
			path = Views;
			sourceTree = "<group>";
		};
		D95EC1A7241A72AE00FD8555 /* Controller */ = {
			isa = PBXGroup;
			children = (
				D95EC1A8241A732A00FD8555 /* ChatVc.swift */,
				D95EC1AA241A733F00FD8555 /* ChannelVc.swift */,
				D9374A3C241AA1AE00F7DD05 /* LoginVc.swift */,
				D9CBF6E8241BBF0700AE48BC /* AccountVc.swift */,
				D959AE2D2427A2D9001C68C1 /* AvatarPickerVc.swift */,
				D96303512469C8BA0012EC97 /* ProfileVC.swift */,
				D961C8BC24803559007B4A6A /* AddChannelVC.swift */,
			);
			path = Controller;
			sourceTree = "<group>";
		};
		D96303552469C8BF0012EC97 /* Xips */ = {
			isa = PBXGroup;
			children = (
				D96303522469C8BA0012EC97 /* ProfileVC.xib */,
				D961C8BD24803559007B4A6A /* AddChannelVC.xib */,
			);
			path = Xips;
			sourceTree = "<group>";
		};
		D997D999241D5439001CCD39 /* Services */ = {
			isa = PBXGroup;
			children = (
				D997D99A241D545B001CCD39 /* AuthServices.swift */,
				D959AE2B24278B2E001C68C1 /* UserDataServices.swift */,
				D9BE9D92247EB34D00DFA9B5 /* MessageServices.swift */,
				D95E036E248085C8004226C5 /* SocketServices.swift */,
			);
			path = Services;
			sourceTree = "<group>";
		};
		D9CBF6EA241BBF4F00AE48BC /* Utilites */ = {
			isa = PBXGroup;
			children = (
				D9CBF6EB241BBF6400AE48BC /* Constant.swift */,
			);
			path = Utilites;
			sourceTree = "<group>";
		};
		D9FDB938241843C900E49542 = {
			isa = PBXGroup;
			children = (
				D9FDB943241843C900E49542 /* Slack App */,
				D9FDB942241843C900E49542 /* Products */,
				A94B9B46AC7358C813005E84 /* Pods */,
				92CCDACCE7B46A6E0F13571C /* Frameworks */,
			);
			sourceTree = "<group>";
		};
		D9FDB942241843C900E49542 /* Products */ = {
			isa = PBXGroup;
			children = (
				D9FDB941241843C900E49542 /* Slack App.app */,
			);
			name = Products;
			sourceTree = "<group>";
		};
		D9FDB943241843C900E49542 /* Slack App */ = {
			isa = PBXGroup;
			children = (
				D96303552469C8BF0012EC97 /* Xips */,
				D997D999241D5439001CCD39 /* Services */,
				D9CBF6EA241BBF4F00AE48BC /* Utilites */,
				D95EC1A7241A72AE00FD8555 /* Controller */,
				D95EC1A6241A72A800FD8555 /* Views */,
				D95EC1A5241A729B00FD8555 /* Models */,
				D9FDB9582418451300E49542 /* SupportingFiles */,
				D9FDB944241843C900E49542 /* AppDelegate.swift */,
				D9FDB946241843C900E49542 /* SceneDelegate.swift */,
				D9FDB94A241843C900E49542 /* Main.storyboard */,
				D9FDB94D241843CC00E49542 /* Assets.xcassets */,
				D9FDB94F241843CC00E49542 /* LaunchScreen.storyboard */,
				D9FDB952241843CC00E49542 /* Info.plist */,
			);
			path = "Slack App";
			sourceTree = "<group>";
		};
		D9FDB9582418451300E49542 /* SupportingFiles */ = {
			isa = PBXGroup;
			children = (
				D95EC1B0241A7E0300FD8555 /* SWRevealViewController.h */,
				D95EC1AF241A7E0300FD8555 /* SWRevealViewController.m */,
				D95EC1B2241A7E9900FD8555 /* Slack App-Bridging-Header.h */,
			);
			path = SupportingFiles;
			sourceTree = "<group>";
		};
/* End PBXGroup section */

/* Begin PBXNativeTarget section */
		D9FDB940241843C900E49542 /* Slack App */ = {
			isa = PBXNativeTarget;
			buildConfigurationList = D9FDB955241843CC00E49542 /* Build configuration list for PBXNativeTarget "Slack App" */;
			buildPhases = (
				3C66F884277546A57DF94688 /* [CP] Check Pods Manifest.lock */,
				D9FDB93D241843C900E49542 /* Sources */,
				D9FDB93E241843C900E49542 /* Frameworks */,
				D9FDB93F241843C900E49542 /* Resources */,
				A655C3545E9B35112047C643 /* [CP] Embed Pods Frameworks */,
			);
			buildRules = (
			);
			dependencies = (
			);
			name = "Slack App";
			productName = "Slack App";
			productReference = D9FDB941241843C900E49542 /* Slack App.app */;
			productType = "com.apple.product-type.application";
		};
/* End PBXNativeTarget section */

/* Begin PBXProject section */
		D9FDB939241843C900E49542 /* Project object */ = {
			isa = PBXProject;
			attributes = {
				LastSwiftUpdateCheck = 1130;
				LastUpgradeCheck = 1130;
				ORGANIZATIONNAME = Qruz;
				TargetAttributes = {
					D9FDB940241843C900E49542 = {
						CreatedOnToolsVersion = 11.3.1;
						LastSwiftMigration = 1130;
					};
				};
			};
			buildConfigurationList = D9FDB93C241843C900E49542 /* Build configuration list for PBXProject "Slack App" */;
			compatibilityVersion = "Xcode 9.3";
			developmentRegion = en;
			hasScannedForEncodings = 0;
			knownRegions = (
				en,
				Base,
			);
			mainGroup = D9FDB938241843C900E49542;
			productRefGroup = D9FDB942241843C900E49542 /* Products */;
			projectDirPath = "";
			projectRoot = "";
			targets = (
				D9FDB940241843C900E49542 /* Slack App */,
			);
		};
/* End PBXProject section */

/* Begin PBXResourcesBuildPhase section */
		D9FDB93F241843C900E49542 /* Resources */ = {
			isa = PBXResourcesBuildPhase;
			buildActionMask = 2147483647;
			files = (
				D961C8BF24803559007B4A6A /* AddChannelVC.xib in Resources */,
				D96303542469C8BA0012EC97 /* ProfileVC.xib in Resources */,
				D9FDB951241843CC00E49542 /* LaunchScreen.storyboard in Resources */,
				D9FDB94E241843CC00E49542 /* Assets.xcassets in Resources */,
				D9FDB94C241843C900E49542 /* Main.storyboard in Resources */,
			);
			runOnlyForDeploymentPostprocessing = 0;
		};
/* End PBXResourcesBuildPhase section */

/* Begin PBXShellScriptBuildPhase section */
		3C66F884277546A57DF94688 /* [CP] Check Pods Manifest.lock */ = {
			isa = PBXShellScriptBuildPhase;
			buildActionMask = 2147483647;
			files = (
			);
			inputPaths = (
				"${PODS_PODFILE_DIR_PATH}/Podfile.lock",
				"${PODS_ROOT}/Manifest.lock",
			);
			name = "[CP] Check Pods Manifest.lock";
			outputPaths = (
				"$(DERIVED_FILE_DIR)/Pods-Slack App-checkManifestLockResult.txt",
			);
			runOnlyForDeploymentPostprocessing = 0;
			shellPath = /bin/sh;
			shellScript = "diff \"${PODS_PODFILE_DIR_PATH}/Podfile.lock\" \"${PODS_ROOT}/Manifest.lock\" > /dev/null\nif [ $? != 0 ] ; then\n    # print error to STDERR\n    echo \"error: The sandbox is not in sync with the Podfile.lock. Run 'pod install' or update your CocoaPods installation.\" >&2\n    exit 1\nfi\n# This output is used by Xcode 'outputs' to avoid re-running this script phase.\necho \"SUCCESS\" > \"${SCRIPT_OUTPUT_FILE_0}\"\n";
			showEnvVarsInLog = 0;
		};
		A655C3545E9B35112047C643 /* [CP] Embed Pods Frameworks */ = {
			isa = PBXShellScriptBuildPhase;
			buildActionMask = 2147483647;
			files = (
			);
			inputPaths = (
				"${SRCROOT}/Pods/Target Support Files/Pods-Slack App/Pods-Slack App-frameworks.sh",
				"${BUILT_PRODUCTS_DIR}/Alamofire/Alamofire.framework",
				"${BUILT_PRODUCTS_DIR}/Socket.IO-Client-Swift/SocketIO.framework",
				"${BUILT_PRODUCTS_DIR}/Starscream/Starscream.framework",
				"${BUILT_PRODUCTS_DIR}/SwiftyJSON/SwiftyJSON.framework",
			);
			name = "[CP] Embed Pods Frameworks";
			outputPaths = (
				"${TARGET_BUILD_DIR}/${FRAMEWORKS_FOLDER_PATH}/Alamofire.framework",
				"${TARGET_BUILD_DIR}/${FRAMEWORKS_FOLDER_PATH}/SocketIO.framework",
				"${TARGET_BUILD_DIR}/${FRAMEWORKS_FOLDER_PATH}/Starscream.framework",
				"${TARGET_BUILD_DIR}/${FRAMEWORKS_FOLDER_PATH}/SwiftyJSON.framework",
			);
			runOnlyForDeploymentPostprocessing = 0;
			shellPath = /bin/sh;
			shellScript = "\"${SRCROOT}/Pods/Target Support Files/Pods-Slack App/Pods-Slack App-frameworks.sh\"\n";
			showEnvVarsInLog = 0;
		};
/* End PBXShellScriptBuildPhase section */

/* Begin PBXSourcesBuildPhase section */
		D9FDB93D241843C900E49542 /* Sources */ = {
			isa = PBXSourcesBuildPhase;
			buildActionMask = 2147483647;
			files = (
				D9CBF6E9241BBF0700AE48BC /* AccountVc.swift in Sources */,
				D95EC1AB241A733F00FD8555 /* ChannelVc.swift in Sources */,
				D9BE9D95247EB3AE00DFA9B5 /* Channel.swift in Sources */,
				D95EC1A9241A732A00FD8555 /* ChatVc.swift in Sources */,
				D96303572469E0680012EC97 /* RoundView.swift in Sources */,
				D95EC1B4241A8ED100FD8555 /* GradientView.swift in Sources */,
				D96303532469C8BA0012EC97 /* ProfileVC.swift in Sources */,
				D95EC1B1241A7E0300FD8555 /* SWRevealViewController.m in Sources */,
				D959AE2E2427A2D9001C68C1 /* AvatarPickerVc.swift in Sources */,
				D961C8BE24803559007B4A6A /* AddChannelVC.swift in Sources */,
				D9B77E74247F3CEF00CB36CB /* ChannelCell.swift in Sources */,
				D9C7967D2482AC6500D9E662 /* MessageCell.swift in Sources */,
				D997D99B241D545B001CCD39 /* AuthServices.swift in Sources */,
				D95E036F248085C8004226C5 /* SocketServices.swift in Sources */,
				D9BE9D93247EB34D00DFA9B5 /* MessageServices.swift in Sources */,
				D9D832922481F95C00D81931 /* KeyboardBoundView.swift in Sources */,
				D959AE2C24278B2E001C68C1 /* UserDataServices.swift in Sources */,
				D9374A3D241AA1AE00F7DD05 /* LoginVc.swift in Sources */,
				D959AE302427A599001C68C1 /* AvatarCell.swift in Sources */,
				D9D832902481EA4100D81931 /* Message.swift in Sources */,
				D9FDB945241843C900E49542 /* AppDelegate.swift in Sources */,
				D9AC382E245DAC0F00069F2C /* RoundImageView.swift in Sources */,
				D9CBF6EC241BBF6400AE48BC /* Constant.swift in Sources */,
				D9FDB947241843C900E49542 /* SceneDelegate.swift in Sources */,
				D9AC3832245DC49300069F2C /* texetPlaceHolder.swift in Sources */,
			);
			runOnlyForDeploymentPostprocessing = 0;
		};
/* End PBXSourcesBuildPhase section */

/* Begin PBXVariantGroup section */
		D9FDB94A241843C900E49542 /* Main.storyboard */ = {
			isa = PBXVariantGroup;
			children = (
				D9FDB94B241843C900E49542 /* Base */,
			);
			name = Main.storyboard;
			sourceTree = "<group>";
		};
		D9FDB94F241843CC00E49542 /* LaunchScreen.storyboard */ = {
			isa = PBXVariantGroup;
			children = (
				D9FDB950241843CC00E49542 /* Base */,
			);
			name = LaunchScreen.storyboard;
			sourceTree = "<group>";
		};
/* End PBXVariantGroup section */

/* Begin XCBuildConfiguration section */
		D9FDB953241843CC00E49542 /* Debug */ = {
			isa = XCBuildConfiguration;
			buildSettings = {
				ALWAYS_SEARCH_USER_PATHS = NO;
				CLANG_ANALYZER_NONNULL = YES;
				CLANG_ANALYZER_NUMBER_OBJECT_CONVERSION = YES_AGGRESSIVE;
				CLANG_CXX_LANGUAGE_STANDARD = "gnu++14";
				CLANG_CXX_LIBRARY = "libc++";
				CLANG_ENABLE_MODULES = YES;
				CLANG_ENABLE_OBJC_ARC = YES;
				CLANG_ENABLE_OBJC_WEAK = YES;
				CLANG_WARN_BLOCK_CAPTURE_AUTORELEASING = YES;
				CLANG_WARN_BOOL_CONVERSION = YES;
				CLANG_WARN_COMMA = YES;
				CLANG_WARN_CONSTANT_CONVERSION = YES;
				CLANG_WARN_DEPRECATED_OBJC_IMPLEMENTATIONS = YES;
				CLANG_WARN_DIRECT_OBJC_ISA_USAGE = YES_ERROR;
				CLANG_WARN_DOCUMENTATION_COMMENTS = YES;
				CLANG_WARN_EMPTY_BODY = YES;
				CLANG_WARN_ENUM_CONVERSION = YES;
				CLANG_WARN_INFINITE_RECURSION = YES;
				CLANG_WARN_INT_CONVERSION = YES;
				CLANG_WARN_NON_LITERAL_NULL_CONVERSION = YES;
				CLANG_WARN_OBJC_IMPLICIT_RETAIN_SELF = YES;
				CLANG_WARN_OBJC_LITERAL_CONVERSION = YES;
				CLANG_WARN_OBJC_ROOT_CLASS = YES_ERROR;
				CLANG_WARN_RANGE_LOOP_ANALYSIS = YES;
				CLANG_WARN_STRICT_PROTOTYPES = YES;
				CLANG_WARN_SUSPICIOUS_MOVE = YES;
				CLANG_WARN_UNGUARDED_AVAILABILITY = YES_AGGRESSIVE;
				CLANG_WARN_UNREACHABLE_CODE = YES;
				CLANG_WARN__DUPLICATE_METHOD_MATCH = YES;
				COPY_PHASE_STRIP = NO;
				DEBUG_INFORMATION_FORMAT = dwarf;
				ENABLE_STRICT_OBJC_MSGSEND = YES;
				ENABLE_TESTABILITY = YES;
				GCC_C_LANGUAGE_STANDARD = gnu11;
				GCC_DYNAMIC_NO_PIC = NO;
				GCC_NO_COMMON_BLOCKS = YES;
				GCC_OPTIMIZATION_LEVEL = 0;
				GCC_PREPROCESSOR_DEFINITIONS = (
					"DEBUG=1",
					"$(inherited)",
				);
				GCC_WARN_64_TO_32_BIT_CONVERSION = YES;
				GCC_WARN_ABOUT_RETURN_TYPE = YES_ERROR;
				GCC_WARN_UNDECLARED_SELECTOR = YES;
				GCC_WARN_UNINITIALIZED_AUTOS = YES_AGGRESSIVE;
				GCC_WARN_UNUSED_FUNCTION = YES;
				GCC_WARN_UNUSED_VARIABLE = YES;
				IPHONEOS_DEPLOYMENT_TARGET = 13.2;
				MTL_ENABLE_DEBUG_INFO = INCLUDE_SOURCE;
				MTL_FAST_MATH = YES;
				ONLY_ACTIVE_ARCH = YES;
				SDKROOT = iphoneos;
				SWIFT_ACTIVE_COMPILATION_CONDITIONS = DEBUG;
				SWIFT_OPTIMIZATION_LEVEL = "-Onone";
			};
			name = Debug;
		};
		D9FDB954241843CC00E49542 /* Release */ = {
			isa = XCBuildConfiguration;
			buildSettings = {
				ALWAYS_SEARCH_USER_PATHS = NO;
				CLANG_ANALYZER_NONNULL = YES;
				CLANG_ANALYZER_NUMBER_OBJECT_CONVERSION = YES_AGGRESSIVE;
				CLANG_CXX_LANGUAGE_STANDARD = "gnu++14";
				CLANG_CXX_LIBRARY = "libc++";
				CLANG_ENABLE_MODULES = YES;
				CLANG_ENABLE_OBJC_ARC = YES;
				CLANG_ENABLE_OBJC_WEAK = YES;
				CLANG_WARN_BLOCK_CAPTURE_AUTORELEASING = YES;
				CLANG_WARN_BOOL_CONVERSION = YES;
				CLANG_WARN_COMMA = YES;
				CLANG_WARN_CONSTANT_CONVERSION = YES;
				CLANG_WARN_DEPRECATED_OBJC_IMPLEMENTATIONS = YES;
				CLANG_WARN_DIRECT_OBJC_ISA_USAGE = YES_ERROR;
				CLANG_WARN_DOCUMENTATION_COMMENTS = YES;
				CLANG_WARN_EMPTY_BODY = YES;
				CLANG_WARN_ENUM_CONVERSION = YES;
				CLANG_WARN_INFINITE_RECURSION = YES;
				CLANG_WARN_INT_CONVERSION = YES;
				CLANG_WARN_NON_LITERAL_NULL_CONVERSION = YES;
				CLANG_WARN_OBJC_IMPLICIT_RETAIN_SELF = YES;
				CLANG_WARN_OBJC_LITERAL_CONVERSION = YES;
				CLANG_WARN_OBJC_ROOT_CLASS = YES_ERROR;
				CLANG_WARN_RANGE_LOOP_ANALYSIS = YES;
				CLANG_WARN_STRICT_PROTOTYPES = YES;
				CLANG_WARN_SUSPICIOUS_MOVE = YES;
				CLANG_WARN_UNGUARDED_AVAILABILITY = YES_AGGRESSIVE;
				CLANG_WARN_UNREACHABLE_CODE = YES;
				CLANG_WARN__DUPLICATE_METHOD_MATCH = YES;
				COPY_PHASE_STRIP = NO;
				DEBUG_INFORMATION_FORMAT = "dwarf-with-dsym";
				ENABLE_NS_ASSERTIONS = NO;
				ENABLE_STRICT_OBJC_MSGSEND = YES;
				GCC_C_LANGUAGE_STANDARD = gnu11;
				GCC_NO_COMMON_BLOCKS = YES;
				GCC_WARN_64_TO_32_BIT_CONVERSION = YES;
				GCC_WARN_ABOUT_RETURN_TYPE = YES_ERROR;
				GCC_WARN_UNDECLARED_SELECTOR = YES;
				GCC_WARN_UNINITIALIZED_AUTOS = YES_AGGRESSIVE;
				GCC_WARN_UNUSED_FUNCTION = YES;
				GCC_WARN_UNUSED_VARIABLE = YES;
				IPHONEOS_DEPLOYMENT_TARGET = 13.2;
				MTL_ENABLE_DEBUG_INFO = NO;
				MTL_FAST_MATH = YES;
				SDKROOT = iphoneos;
				SWIFT_COMPILATION_MODE = wholemodule;
				SWIFT_OPTIMIZATION_LEVEL = "-O";
				VALIDATE_PRODUCT = YES;
			};
			name = Release;
		};
		D9FDB956241843CC00E49542 /* Debug */ = {
			isa = XCBuildConfiguration;
			baseConfigurationReference = 86C42763DE4C7B8B2799F470 /* Pods-Slack App.debug.xcconfig */;
			buildSettings = {
				ASSETCATALOG_COMPILER_APPICON_NAME = AppIcon;
				CLANG_ENABLE_MODULES = YES;
				CODE_SIGN_STYLE = Automatic;
				INFOPLIST_FILE = "Slack App/Info.plist";
				LD_RUNPATH_SEARCH_PATHS = (
					"$(inherited)",
					"@executable_path/Frameworks",
				);
				PRODUCT_BUNDLE_IDENTIFIER = "VolaAgency.Slack-App";
				PRODUCT_NAME = "$(TARGET_NAME)";
				SWIFT_OBJC_BRIDGING_HEADER = "Slack App/SupportingFiles/Slack App-Bridging-Header.h";
				SWIFT_OPTIMIZATION_LEVEL = "-Onone";
				SWIFT_VERSION = 5.0;
				TARGETED_DEVICE_FAMILY = "1,2";
			};
			name = Debug;
		};
		D9FDB957241843CC00E49542 /* Release */ = {
			isa = XCBuildConfiguration;
			baseConfigurationReference = 6204526F978FACB69185E965 /* Pods-Slack App.release.xcconfig */;
			buildSettings = {
				ASSETCATALOG_COMPILER_APPICON_NAME = AppIcon;
				CLANG_ENABLE_MODULES = YES;
				CODE_SIGN_STYLE = Automatic;
				INFOPLIST_FILE = "Slack App/Info.plist";
				LD_RUNPATH_SEARCH_PATHS = (
					"$(inherited)",
					"@executable_path/Frameworks",
				);
				PRODUCT_BUNDLE_IDENTIFIER = "VolaAgency.Slack-App";
				PRODUCT_NAME = "$(TARGET_NAME)";
				SWIFT_OBJC_BRIDGING_HEADER = "Slack App/SupportingFiles/Slack App-Bridging-Header.h";
				SWIFT_VERSION = 5.0;
				TARGETED_DEVICE_FAMILY = "1,2";
			};
			name = Release;
		};
/* End XCBuildConfiguration section */

/* Begin XCConfigurationList section */
		D9FDB93C241843C900E49542 /* Build configuration list for PBXProject "Slack App" */ = {
			isa = XCConfigurationList;
			buildConfigurations = (
				D9FDB953241843CC00E49542 /* Debug */,
				D9FDB954241843CC00E49542 /* Release */,
			);
			defaultConfigurationIsVisible = 0;
			defaultConfigurationName = Release;
		};
		D9FDB955241843CC00E49542 /* Build configuration list for PBXNativeTarget "Slack App" */ = {
			isa = XCConfigurationList;
			buildConfigurations = (
				D9FDB956241843CC00E49542 /* Debug */,
				D9FDB957241843CC00E49542 /* Release */,
			);
			defaultConfigurationIsVisible = 0;
			defaultConfigurationName = Release;
		};
/* End XCConfigurationList section */
	};
	rootObject = D9FDB939241843C900E49542 /* Project object */;
}
